
Microsoft Visual Studio Solution File, Format Version 12.00
# Visual Studio Version 16
VisualStudioVersion = 16.0.28822.285
MinimumVisualStudioVersion = 10.0.40219.1
Project("{9A19103F-16F7-4668-BE54-9A1E7A4F7556}") = "CodeTest01.Web.UI", "CodeTest01.Web.UI\CodeTest01.Web.UI.csproj", "{57493B14-C70E-4B1E-91B5-B3720FC0375E}"
EndProject
Project("{9A19103F-16F7-4668-BE54-9A1E7A4F7556}") = "CodeTest01.Business.ZipCodeInfo", "CodeTest01.Business.ZipCodeInfo\CodeTest01.Business.ZipCodeInfo.csproj", "{A2972750-43DB-4F45-BDB9-16105ADAFBC9}"
EndProject
Project("{9A19103F-16F7-4668-BE54-9A1E7A4F7556}") = "CodeTest01.Web.UI.Tests", "CodeTest01.Web.UI.Tests\CodeTest01.Web.UI.Tests.csproj", "{065F8985-74BA-4978-BEE1-58584227B631}"
EndProject
Project("{9A19103F-16F7-4668-BE54-9A1E7A4F7556}") = "CodeTest01.IntegrationTesting", "CodeTest01.IntegrationTesting\CodeTest01.IntegrationTesting.csproj", "{6460D9A4-A66C-47BE-B1B1-5F5D21915339}"
EndProject
Project("{2150E333-8FDC-42A3-9474-1A3956D46DE8}") = "Solution Items", "Solution Items", "{EA6BD0E4-4A66-4CAE-966F-6DDC47E21D37}"
	ProjectSection(SolutionItems) = preProject
		readme.md = readme.md
	EndProjectSection
EndProject
Project("{9A19103F-16F7-4668-BE54-9A1E7A4F7556}") = "CodeTest01.Data.TimeZone.GoogleMaps", "CodeTest01.Data.TimeZone.GoogleMaps\CodeTest01.Data.TimeZone.GoogleMaps.csproj", "{88A21661-5D46-4EA6-A645-4113AFEB248D}"
EndProject
Project("{9A19103F-16F7-4668-BE54-9A1E7A4F7556}") = "CodeTest01.Data.Weather.OpenWeatherMap", "CodeTest01.Data.Weather.OpenWeatherMap\CodeTest01.Data.Weather.OpenWeatherMap.csproj", "{36AB27D5-D86E-489F-9DE1-BD29771E7D4F}"
EndProject
Project("{9A19103F-16F7-4668-BE54-9A1E7A4F7556}") = "CodeTest01.Data.Weather.OpenWeatherMap.IntegrationTests", "CodeTest01.Data.Weather.OpenWeatherMap.IntegrationTests\CodeTest01.Data.Weather.OpenWeatherMap.IntegrationTests.csproj", "{EFCF0828-234A-417D-9800-2CA026588997}"
EndProject
Project("{9A19103F-16F7-4668-BE54-9A1E7A4F7556}") = "CodeTest01.Data.TimeZone.GoogleMaps.IntegrationTests", "CodeTest01.Data.TimeZone.GoogleMaps.IntegrationTests\CodeTest01.Data.TimeZone.GoogleMaps.IntegrationTests.csproj", "{2D55469E-B9FE-417D-96FA-8CE4499195DE}"
EndProject
Project("{9A19103F-16F7-4668-BE54-9A1E7A4F7556}") = "CodeTest01.Data.Elevation.GoogleMaps", "CodeTest01.Data.Elevation.GoogleMaps\CodeTest01.Data.Elevation.GoogleMaps.csproj", "{48F68CD1-8D33-457A-AEC9-BF42BE495410}"
EndProject
Project("{9A19103F-16F7-4668-BE54-9A1E7A4F7556}") = "CodeTest01.Data.Elevation.GoogleMaps.IntegrationTests", "CodeTest01.Data.Elevation.GoogleMaps.IntegrationTests\CodeTest01.Data.Elevation.GoogleMaps.IntegrationTests.csproj", "{738B1C94-CE78-4719-8F56-75FC2DE0DC6B}"
EndProject
Global
	GlobalSection(SolutionConfigurationPlatforms) = preSolution
		Debug|Any CPU = Debug|Any CPU
		Release|Any CPU = Release|Any CPU
	EndGlobalSection
	GlobalSection(ProjectConfigurationPlatforms) = postSolution
		{57493B14-C70E-4B1E-91B5-B3720FC0375E}.Debug|Any CPU.ActiveCfg = Debug|Any CPU
		{57493B14-C70E-4B1E-91B5-B3720FC0375E}.Debug|Any CPU.Build.0 = Debug|Any CPU
		{57493B14-C70E-4B1E-91B5-B3720FC0375E}.Release|Any CPU.ActiveCfg = Release|Any CPU
		{57493B14-C70E-4B1E-91B5-B3720FC0375E}.Release|Any CPU.Build.0 = Release|Any CPU
		{A2972750-43DB-4F45-BDB9-16105ADAFBC9}.Debug|Any CPU.ActiveCfg = Debug|Any CPU
		{A2972750-43DB-4F45-BDB9-16105ADAFBC9}.Debug|Any CPU.Build.0 = Debug|Any CPU
		{A2972750-43DB-4F45-BDB9-16105ADAFBC9}.Release|Any CPU.ActiveCfg = Release|Any CPU
		{A2972750-43DB-4F45-BDB9-16105ADAFBC9}.Release|Any CPU.Build.0 = Release|Any CPU
		{065F8985-74BA-4978-BEE1-58584227B631}.Debug|Any CPU.ActiveCfg = Debug|Any CPU
		{065F8985-74BA-4978-BEE1-58584227B631}.Debug|Any CPU.Build.0 = Debug|Any CPU
		{065F8985-74BA-4978-BEE1-58584227B631}.Release|Any CPU.ActiveCfg = Release|Any CPU
		{065F8985-74BA-4978-BEE1-58584227B631}.Release|Any CPU.Build.0 = Release|Any CPU
		{6460D9A4-A66C-47BE-B1B1-5F5D21915339}.Debug|Any CPU.ActiveCfg = Debug|Any CPU
		{6460D9A4-A66C-47BE-B1B1-5F5D21915339}.Debug|Any CPU.Build.0 = Debug|Any CPU
		{6460D9A4-A66C-47BE-B1B1-5F5D21915339}.Release|Any CPU.ActiveCfg = Release|Any CPU
		{6460D9A4-A66C-47BE-B1B1-5F5D21915339}.Release|Any CPU.Build.0 = Release|Any CPU
		{88A21661-5D46-4EA6-A645-4113AFEB248D}.Debug|Any CPU.ActiveCfg = Debug|Any CPU
		{88A21661-5D46-4EA6-A645-4113AFEB248D}.Debug|Any CPU.Build.0 = Debug|Any CPU
		{88A21661-5D46-4EA6-A645-4113AFEB248D}.Release|Any CPU.ActiveCfg = Release|Any CPU
		{88A21661-5D46-4EA6-A645-4113AFEB248D}.Release|Any CPU.Build.0 = Release|Any CPU
		{36AB27D5-D86E-489F-9DE1-BD29771E7D4F}.Debug|Any CPU.ActiveCfg = Debug|Any CPU
		{36AB27D5-D86E-489F-9DE1-BD29771E7D4F}.Debug|Any CPU.Build.0 = Debug|Any CPU
		{36AB27D5-D86E-489F-9DE1-BD29771E7D4F}.Release|Any CPU.ActiveCfg = Release|Any CPU
		{36AB27D5-D86E-489F-9DE1-BD29771E7D4F}.Release|Any CPU.Build.0 = Release|Any CPU
		{EFCF0828-234A-417D-9800-2CA026588997}.Debug|Any CPU.ActiveCfg = Debug|Any CPU
		{EFCF0828-234A-417D-9800-2CA026588997}.Debug|Any CPU.Build.0 = Debug|Any CPU
		{EFCF0828-234A-417D-9800-2CA026588997}.Release|Any CPU.ActiveCfg = Release|Any CPU
		{EFCF0828-234A-417D-9800-2CA026588997}.Release|Any CPU.Build.0 = Release|Any CPU
		{2D55469E-B9FE-417D-96FA-8CE4499195DE}.Debug|Any CPU.ActiveCfg = Debug|Any CPU
		{2D55469E-B9FE-417D-96FA-8CE4499195DE}.Debug|Any CPU.Build.0 = Debug|Any CPU
		{2D55469E-B9FE-417D-96FA-8CE4499195DE}.Release|Any CPU.ActiveCfg = Release|Any CPU
		{2D55469E-B9FE-417D-96FA-8CE4499195DE}.Release|Any CPU.Build.0 = Release|Any CPU
		{48F68CD1-8D33-457A-AEC9-BF42BE495410}.Debug|Any CPU.ActiveCfg = Debug|Any CPU
		{48F68CD1-8D33-457A-AEC9-BF42BE495410}.Debug|Any CPU.Build.0 = Debug|Any CPU
		{48F68CD1-8D33-457A-AEC9-BF42BE495410}.Release|Any CPU.ActiveCfg = Release|Any CPU
		{48F68CD1-8D33-457A-AEC9-BF42BE495410}.Release|Any CPU.Build.0 = Release|Any CPU
		{738B1C94-CE78-4719-8F56-75FC2DE0DC6B}.Debug|Any CPU.ActiveCfg = Debug|Any CPU
		{738B1C94-CE78-4719-8F56-75FC2DE0DC6B}.Debug|Any CPU.Build.0 = Debug|Any CPU
		{738B1C94-CE78-4719-8F56-75FC2DE0DC6B}.Release|Any CPU.ActiveCfg = Release|Any CPU
		{738B1C94-CE78-4719-8F56-75FC2DE0DC6B}.Release|Any CPU.Build.0 = Release|Any CPU
	EndGlobalSection
	GlobalSection(SolutionProperties) = preSolution
		HideSolutionNode = FALSE
	EndGlobalSection
	GlobalSection(ExtensibilityGlobals) = postSolution
		SolutionGuid = {C71F8511-5E31-42D7-826B-3D186DE33ED1}
	EndGlobalSection
EndGlobal
